
Microsoft Visual Studio Solution File, Format Version 12.00
# Visual Studio 14
VisualStudioVersion = 14.0.24720.0
MinimumVisualStudioVersion = 10.0.40219.1
Project("{FAE04EC0-301F-11D3-BF4B-00C04F79EFBC}") = "Exercicio-IMC(arquivo-texto)", "Exercicio-IMC(arquivo-texto)\Exercicio-IMC(arquivo-texto).csproj", "{4BE89626-35B4-4D47-9D18-51D4B50F119B}"
EndProject
Global
	GlobalSection(SolutionConfigurationPlatforms) = preSolution
		Debug|Any CPU = Debug|Any CPU
		Release|Any CPU = Release|Any CPU
	EndGlobalSection
	GlobalSection(ProjectConfigurationPlatforms) = postSolution
		{4BE89626-35B4-4D47-9D18-51D4B50F119B}.Debug|Any CPU.ActiveCfg = Debug|Any CPU
		{4BE89626-35B4-4D47-9D18-51D4B50F119B}.Debug|Any CPU.Build.0 = Debug|Any CPU
		{4BE89626-35B4-4D47-9D18-51D4B50F119B}.Release|Any CPU.ActiveCfg = Release|Any CPU
		{4BE89626-35B4-4D47-9D18-51D4B50F119B}.Release|Any CPU.Build.0 = Release|Any CPU
	EndGlobalSection
	GlobalSection(SolutionProperties) = preSolution
		HideSolutionNode = FALSE
	EndGlobalSection
EndGlobal
